// !$*UTF8*$!
{
	archiveVersion = 1;
	classes = {
	};
	objectVersion = 77;
	objects = {

/* Begin PBXContainerItemProxy section */
		EAE31BB02DF37EB7005435C0 /* PBXContainerItemProxy */ = {
			isa = PBXContainerItemProxy;
			containerPortal = EAE31B9A2DF37EB6005435C0 /* Project object */;
			proxyType = 1;
			remoteGlobalIDString = EAE31BA12DF37EB6005435C0;
			remoteInfo = "Pocket TMF Reference Model";
		};
		EAE31BBA2DF37EB7005435C0 /* PBXContainerItemProxy */ = {
			isa = PBXContainerItemProxy;
			containerPortal = EAE31B9A2DF37EB6005435C0 /* Project object */;
			proxyType = 1;
			remoteGlobalIDString = EAE31BA12DF37EB6005435C0;
			remoteInfo = "Pocket TMF Reference Model";
		};
/* End PBXContainerItemProxy section */

/* Begin PBXFileReference section */
		EAE31BA22DF37EB6005435C0 /* Pocket TMF Reference Model.app */ = {isa = PBXFileReference; explicitFileType = wrapper.application; includeInIndex = 0; path = "Pocket TMF Reference Model.app"; sourceTree = BUILT_PRODUCTS_DIR; };
		EAE31BAF2DF37EB7005435C0 /* Pocket TMF Reference ModelTests.xctest */ = {isa = PBXFileReference; explicitFileType = wrapper.cfbundle; includeInIndex = 0; path = "Pocket TMF Reference ModelTests.xctest"; sourceTree = BUILT_PRODUCTS_DIR; };
		EAE31BB92DF37EB7005435C0 /* Pocket TMF Reference ModelUITests.xctest */ = {isa = PBXFileReference; explicitFileType = wrapper.cfbundle; includeInIndex = 0; path = "Pocket TMF Reference ModelUITests.xctest"; sourceTree = BUILT_PRODUCTS_DIR; };
/* End PBXFileReference section */

/* Begin PBXFileSystemSynchronizedRootGroup section */
		EAE31BA42DF37EB6005435C0 /* Pocket TMF Reference Model */ = {
			isa = PBXFileSystemSynchronizedRootGroup;
			path = "Pocket TMF Reference Model";
			sourceTree = "<group>";
		};
		EAE31BB22DF37EB7005435C0 /* Pocket TMF Reference ModelTests */ = {
			isa = PBXFileSystemSynchronizedRootGroup;
			path = "Pocket TMF Reference ModelTests";
			sourceTree = "<group>";
		};
		EAE31BBC2DF37EB7005435C0 /* Pocket TMF Reference ModelUITests */ = {
			isa = PBXFileSystemSynchronizedRootGroup;
			path = "Pocket TMF Reference ModelUITests";
			sourceTree = "<group>";
		};
/* End PBXFileSystemSynchronizedRootGroup section */

/* Begin PBXFrameworksBuildPhase section */
		EAE31B9F2DF37EB6005435C0 /* Frameworks */ = {
			isa = PBXFrameworksBuildPhase;
			buildActionMask = 2147483647;
			files = (
			);
			runOnlyForDeploymentPostprocessing = 0;
		};
		EAE31BAC2DF37EB7005435C0 /* Frameworks */ = {
			isa = PBXFrameworksBuildPhase;
			buildActionMask = 2147483647;
			files = (
			);
			runOnlyForDeploymentPostprocessing = 0;
		};
		EAE31BB62DF37EB7005435C0 /* Frameworks */ = {
			isa = PBXFrameworksBuildPhase;
			buildActionMask = 2147483647;
			files = (
			);
			runOnlyForDeploymentPostprocessing = 0;
		};
/* End PBXFrameworksBuildPhase section */

/* Begin PBXGroup section */
		EAE31B992DF37EB6005435C0 = {
			isa = PBXGroup;
			children = (
				EAE31BA42DF37EB6005435C0 /* Pocket TMF Reference Model */,
				EAE31BB22DF37EB7005435C0 /* Pocket TMF Reference ModelTests */,
				EAE31BBC2DF37EB7005435C0 /* Pocket TMF Reference ModelUITests */,
				EAE31BA32DF37EB6005435C0 /* Products */,
			);
			sourceTree = "<group>";
		};
		EAE31BA32DF37EB6005435C0 /* Products */ = {
			isa = PBXGroup;
			children = (
				EAE31BA22DF37EB6005435C0 /* Pocket TMF Reference Model.app */,
				EAE31BAF2DF37EB7005435C0 /* Pocket TMF Reference ModelTests.xctest */,
				EAE31BB92DF37EB7005435C0 /* Pocket TMF Reference ModelUITests.xctest */,
			);
			name = Products;
			sourceTree = "<group>";
		};
/* End PBXGroup section */

/* Begin PBXNativeTarget section */
		EAE31BA12DF37EB6005435C0 /* Pocket TMF Reference Model */ = {
			isa = PBXNativeTarget;
			buildConfigurationList = EAE31BC32DF37EB7005435C0 /* Build configuration list for PBXNativeTarget "Pocket TMF Reference Model" */;
			buildPhases = (
				EAE31B9E2DF37EB6005435C0 /* Sources */,
				EAE31B9F2DF37EB6005435C0 /* Frameworks */,
				EAE31BA02DF37EB6005435C0 /* Resources */,
			);
			buildRules = (
			);
			dependencies = (
			);
			fileSystemSynchronizedGroups = (
				EAE31BA42DF37EB6005435C0 /* Pocket TMF Reference Model */,
			);
			name = "Pocket TMF Reference Model";
			packageProductDependencies = (
			);
			productName = "Pocket TMF Reference Model";
			productReference = EAE31BA22DF37EB6005435C0 /* Pocket TMF Reference Model.app */;
			productType = "com.apple.product-type.application";
		};
		EAE31BAE2DF37EB7005435C0 /* Pocket TMF Reference ModelTests */ = {
			isa = PBXNativeTarget;
			buildConfigurationList = EAE31BC62DF37EB7005435C0 /* Build configuration list for PBXNativeTarget "Pocket TMF Reference ModelTests" */;
			buildPhases = (
				EAE31BAB2DF37EB7005435C0 /* Sources */,
				EAE31BAC2DF37EB7005435C0 /* Frameworks */,
				EAE31BAD2DF37EB7005435C0 /* Resources */,
			);
			buildRules = (
			);
			dependencies = (
				EAE31BB12DF37EB7005435C0 /* PBXTargetDependency */,
			);
			fileSystemSynchronizedGroups = (
				EAE31BB22DF37EB7005435C0 /* Pocket TMF Reference ModelTests */,
			);
			name = "Pocket TMF Reference ModelTests";
			packageProductDependencies = (
			);
			productName = "Pocket TMF Reference ModelTests";
			productReference = EAE31BAF2DF37EB7005435C0 /* Pocket TMF Reference ModelTests.xctest */;
			productType = "com.apple.product-type.bundle.unit-test";
		};
		EAE31BB82DF37EB7005435C0 /* Pocket TMF Reference ModelUITests */ = {
			isa = PBXNativeTarget;
			buildConfigurationList = EAE31BC92DF37EB7005435C0 /* Build configuration list for PBXNativeTarget "Pocket TMF Reference ModelUITests" */;
			buildPhases = (
				EAE31BB52DF37EB7005435C0 /* Sources */,
				EAE31BB62DF37EB7005435C0 /* Frameworks */,
				EAE31BB72DF37EB7005435C0 /* Resources */,
			);
			buildRules = (
			);
			dependencies = (
				EAE31BBB2DF37EB7005435C0 /* PBXTargetDependency */,
			);
			fileSystemSynchronizedGroups = (
				EAE31BBC2DF37EB7005435C0 /* Pocket TMF Reference ModelUITests */,
			);
			name = "Pocket TMF Reference ModelUITests";
			packageProductDependencies = (
			);
			productName = "Pocket TMF Reference ModelUITests";
			productReference = EAE31BB92DF37EB7005435C0 /* Pocket TMF Reference ModelUITests.xctest */;
			productType = "com.apple.product-type.bundle.ui-testing";
		};
/* End PBXNativeTarget section */

/* Begin PBXProject section */
		EAE31B9A2DF37EB6005435C0 /* Project object */ = {
			isa = PBXProject;
			attributes = {
				BuildIndependentTargetsInParallel = 1;
				LastSwiftUpdateCheck = 1640;
				LastUpgradeCheck = 1640;
				TargetAttributes = {
					EAE31BA12DF37EB6005435C0 = {
						CreatedOnToolsVersion = 16.4;
					};
					EAE31BAE2DF37EB7005435C0 = {
						CreatedOnToolsVersion = 16.4;
						TestTargetID = EAE31BA12DF37EB6005435C0;
					};
					EAE31BB82DF37EB7005435C0 = {
						CreatedOnToolsVersion = 16.4;
						TestTargetID = EAE31BA12DF37EB6005435C0;
					};
				};
			};
			buildConfigurationList = EAE31B9D2DF37EB6005435C0 /* Build configuration list for PBXProject "Pocket TMF Reference Model" */;
			developmentRegion = en;
			hasScannedForEncodings = 0;
			knownRegions = (
				en,
				Base,
			);
			mainGroup = EAE31B992DF37EB6005435C0;
			minimizedProjectReferenceProxies = 1;
			preferredProjectObjectVersion = 77;
			productRefGroup = EAE31BA32DF37EB6005435C0 /* Products */;
			projectDirPath = "";
			projectRoot = "";
			targets = (
				EAE31BA12DF37EB6005435C0 /* Pocket TMF Reference Model */,
				EAE31BAE2DF37EB7005435C0 /* Pocket TMF Reference ModelTests */,
				EAE31BB82DF37EB7005435C0 /* Pocket TMF Reference ModelUITests */,
			);
		};
/* End PBXProject section */

/* Begin PBXResourcesBuildPhase section */
		EAE31BA02DF37EB6005435C0 /* Resources */ = {
			isa = PBXResourcesBuildPhase;
			buildActionMask = 2147483647;
			files = (
			);
			runOnlyForDeploymentPostprocessing = 0;
		};
		EAE31BAD2DF37EB7005435C0 /* Resources */ = {
			isa = PBXResourcesBuildPhase;
			buildActionMask = 2147483647;
			files = (
			);
			runOnlyForDeploymentPostprocessing = 0;
		};
		EAE31BB72DF37EB7005435C0 /* Resources */ = {
			isa = PBXResourcesBuildPhase;
			buildActionMask = 2147483647;
			files = (
			);
			runOnlyForDeploymentPostprocessing = 0;
		};
/* End PBXResourcesBuildPhase section */

/* Begin PBXSourcesBuildPhase section */
		EAE31B9E2DF37EB6005435C0 /* Sources */ = {
			isa = PBXSourcesBuildPhase;
			buildActionMask = 2147483647;
			files = (
			);
			runOnlyForDeploymentPostprocessing = 0;
		};
		EAE31BAB2DF37EB7005435C0 /* Sources */ = {
			isa = PBXSourcesBuildPhase;
			buildActionMask = 2147483647;
			files = (
			);
			runOnlyForDeploymentPostprocessing = 0;
		};
		EAE31BB52DF37EB7005435C0 /* Sources */ = {
			isa = PBXSourcesBuildPhase;
			buildActionMask = 2147483647;
			files = (
			);
			runOnlyForDeploymentPostprocessing = 0;
		};
/* End PBXSourcesBuildPhase section */

/* Begin PBXTargetDependency section */
		EAE31BB12DF37EB7005435C0 /* PBXTargetDependency */ = {
			isa = PBXTargetDependency;
			target = EAE31BA12DF37EB6005435C0 /* Pocket TMF Reference Model */;
			targetProxy = EAE31BB02DF37EB7005435C0 /* PBXContainerItemProxy */;
		};
		EAE31BBB2DF37EB7005435C0 /* PBXTargetDependency */ = {
			isa = PBXTargetDependency;
			target = EAE31BA12DF37EB6005435C0 /* Pocket TMF Reference Model */;
			targetProxy = EAE31BBA2DF37EB7005435C0 /* PBXContainerItemProxy */;
		};
/* End PBXTargetDependency section */

/* Begin XCBuildConfiguration section */
		EAE31BC12DF37EB7005435C0 /* Debug */ = {
			isa = XCBuildConfiguration;
			buildSettings = {
				ALWAYS_SEARCH_USER_PATHS = NO;
				ASSETCATALOG_COMPILER_GENERATE_SWIFT_ASSET_SYMBOL_EXTENSIONS = YES;
				CLANG_ANALYZER_NONNULL = YES;
				CLANG_ANALYZER_NUMBER_OBJECT_CONVERSION = YES_AGGRESSIVE;
				CLANG_CXX_LANGUAGE_STANDARD = "gnu++20";
				CLANG_ENABLE_MODULES = YES;
				CLANG_ENABLE_OBJC_ARC = YES;
				CLANG_ENABLE_OBJC_WEAK = YES;
				CLANG_WARN_BLOCK_CAPTURE_AUTORELEASING = YES;
				CLANG_WARN_BOOL_CONVERSION = YES;
				CLANG_WARN_COMMA = YES;
				CLANG_WARN_CONSTANT_CONVERSION = YES;
				CLANG_WARN_DEPRECATED_OBJC_IMPLEMENTATIONS = YES;
				CLANG_WARN_DIRECT_OBJC_ISA_USAGE = YES_ERROR;
				CLANG_WARN_DOCUMENTATION_COMMENTS = YES;
				CLANG_WARN_EMPTY_BODY = YES;
				CLANG_WARN_ENUM_CONVERSION = YES;
				CLANG_WARN_INFINITE_RECURSION = YES;
				CLANG_WARN_INT_CONVERSION = YES;
				CLANG_WARN_NON_LITERAL_NULL_CONVERSION = YES;
				CLANG_WARN_OBJC_IMPLICIT_RETAIN_SELF = YES;
				CLANG_WARN_OBJC_LITERAL_CONVERSION = YES;
				CLANG_WARN_OBJC_ROOT_CLASS = YES_ERROR;
				CLANG_WARN_QUOTED_INCLUDE_IN_FRAMEWORK_HEADER = YES;
				CLANG_WARN_RANGE_LOOP_ANALYSIS = YES;
				CLANG_WARN_STRICT_PROTOTYPES = YES;
				CLANG_WARN_SUSPICIOUS_MOVE = YES;
				CLANG_WARN_UNGUARDED_AVAILABILITY = YES_AGGRESSIVE;
				CLANG_WARN_UNREACHABLE_CODE = YES;
				CLANG_WARN__DUPLICATE_METHOD_MATCH = YES;
				COPY_PHASE_STRIP = NO;
				DEBUG_INFORMATION_FORMAT = dwarf;
				DEVELOPMENT_TEAM = G4XB8CNVVV;
				ENABLE_STRICT_OBJC_MSGSEND = YES;
				ENABLE_TESTABILITY = YES;
				ENABLE_USER_SCRIPT_SANDBOXING = YES;
				GCC_C_LANGUAGE_STANDARD = gnu17;
				GCC_DYNAMIC_NO_PIC = NO;
				GCC_NO_COMMON_BLOCKS = YES;
				GCC_OPTIMIZATION_LEVEL = 0;
				GCC_PREPROCESSOR_DEFINITIONS = (
					"DEBUG=1",
					"$(inherited)",
				);
				GCC_WARN_64_TO_32_BIT_CONVERSION = YES;
				GCC_WARN_ABOUT_RETURN_TYPE = YES_ERROR;
				GCC_WARN_UNDECLARED_SELECTOR = YES;
				GCC_WARN_UNINITIALIZED_AUTOS = YES_AGGRESSIVE;
				GCC_WARN_UNUSED_FUNCTION = YES;
				GCC_WARN_UNUSED_VARIABLE = YES;
				IPHONEOS_DEPLOYMENT_TARGET = 18.0;
				LOCALIZATION_PREFERS_STRING_CATALOGS = YES;
				MTL_ENABLE_DEBUG_INFO = INCLUDE_SOURCE;
				MTL_FAST_MATH = YES;
				ONLY_ACTIVE_ARCH = YES;
				SDKROOT = iphoneos;
				SWIFT_ACTIVE_COMPILATION_CONDITIONS = "DEBUG $(inherited)";
				SWIFT_OPTIMIZATION_LEVEL = "-Onone";
			};
			name = Debug;
		};
		EAE31BC22DF37EB7005435C0 /* Release */ = {
			isa = XCBuildConfiguration;
			buildSettings = {
				ALWAYS_SEARCH_USER_PATHS = NO;
				ASSETCATALOG_COMPILER_GENERATE_SWIFT_ASSET_SYMBOL_EXTENSIONS = YES;
				CLANG_ANALYZER_NONNULL = YES;
				CLANG_ANALYZER_NUMBER_OBJECT_CONVERSION = YES_AGGRESSIVE;
				CLANG_CXX_LANGUAGE_STANDARD = "gnu++20";
				CLANG_ENABLE_MODULES = YES;
				CLANG_ENABLE_OBJC_ARC = YES;
				CLANG_ENABLE_OBJC_WEAK = YES;
				CLANG_WARN_BLOCK_CAPTURE_AUTORELEASING = YES;
				CLANG_WARN_BOOL_CONVERSION = YES;
				CLANG_WARN_COMMA = YES;
				CLANG_WARN_CONSTANT_CONVERSION = YES;
				CLANG_WARN_DEPRECATED_OBJC_IMPLEMENTATIONS = YES;
				CLANG_WARN_DIRECT_OBJC_ISA_USAGE = YES_ERROR;
				CLANG_WARN_DOCUMENTATION_COMMENTS = YES;
				CLANG_WARN_EMPTY_BODY = YES;
				CLANG_WARN_ENUM_CONVERSION = YES;
				CLANG_WARN_INFINITE_RECURSION = YES;
				CLANG_WARN_INT_CONVERSION = YES;
				CLANG_WARN_NON_LITERAL_NULL_CONVERSION = YES;
				CLANG_WARN_OBJC_IMPLICIT_RETAIN_SELF = YES;
				CLANG_WARN_OBJC_LITERAL_CONVERSION = YES;
				CLANG_WARN_OBJC_ROOT_CLASS = YES_ERROR;
				CLANG_WARN_QUOTED_INCLUDE_IN_FRAMEWORK_HEADER = YES;
				CLANG_WARN_RANGE_LOOP_ANALYSIS = YES;
				CLANG_WARN_STRICT_PROTOTYPES = YES;
				CLANG_WARN_SUSPICIOUS_MOVE = YES;
				CLANG_WARN_UNGUARDED_AVAILABILITY = YES_AGGRESSIVE;
				CLANG_WARN_UNREACHABLE_CODE = YES;
				CLANG_WARN__DUPLICATE_METHOD_MATCH = YES;
				COPY_PHASE_STRIP = NO;
				DEBUG_INFORMATION_FORMAT = "dwarf-with-dsym";
				DEVELOPMENT_TEAM = G4XB8CNVVV;
				ENABLE_NS_ASSERTIONS = NO;
				ENABLE_STRICT_OBJC_MSGSEND = YES;
				ENABLE_USER_SCRIPT_SANDBOXING = YES;
				GCC_C_LANGUAGE_STANDARD = gnu17;
				GCC_NO_COMMON_BLOCKS = YES;
				GCC_WARN_64_TO_32_BIT_CONVERSION = YES;
				GCC_WARN_ABOUT_RETURN_TYPE = YES_ERROR;
				GCC_WARN_UNDECLARED_SELECTOR = YES;
				GCC_WARN_UNINITIALIZED_AUTOS = YES_AGGRESSIVE;
				GCC_WARN_UNUSED_FUNCTION = YES;
				GCC_WARN_UNUSED_VARIABLE = YES;
				IPHONEOS_DEPLOYMENT_TARGET = 18.0;
				LOCALIZATION_PREFERS_STRING_CATALOGS = YES;
				MTL_ENABLE_DEBUG_INFO = NO;
				MTL_FAST_MATH = YES;
				SDKROOT = iphoneos;
				SWIFT_COMPILATION_MODE = wholemodule;
				VALIDATE_PRODUCT = YES;
			};
			name = Release;
		};
		EAE31BC42DF37EB7005435C0 /* Debug */ = {
			isa = XCBuildConfiguration;
			buildSettings = {
				ASSETCATALOG_COMPILER_ALTERNATE_APPICON_NAMES = "Very Orange Phlexible Ottawa Interacting Study Right on Time";
				ASSETCATALOG_COMPILER_APPICON_NAME = AppIcon;
				ASSETCATALOG_COMPILER_GLOBAL_ACCENT_COLOR_NAME = AccentColor;
				ASSETCATALOG_COMPILER_INCLUDE_ALL_APPICON_ASSETS = YES;
				CODE_SIGN_STYLE = Automatic;
				CURRENT_PROJECT_VERSION = 1;
				DEVELOPMENT_TEAM = G4XB8CNVVV;
				ENABLE_PREVIEWS = YES;
				GENERATE_INFOPLIST_FILE = YES;
				INFOPLIST_KEY_UIApplicationSceneManifest_Generation = YES;
				INFOPLIST_KEY_UIApplicationSupportsIndirectInputEvents = YES;
				INFOPLIST_KEY_UILaunchScreen_Generation = YES;
				INFOPLIST_KEY_UISupportedInterfaceOrientations_iPad = "UIInterfaceOrientationPortrait UIInterfaceOrientationPortraitUpsideDown UIInterfaceOrientationLandscapeLeft UIInterfaceOrientationLandscapeRight";
				INFOPLIST_KEY_UISupportedInterfaceOrientations_iPhone = "UIInterfaceOrientationPortrait UIInterfaceOrientationLandscapeLeft UIInterfaceOrientationLandscapeRight";
				LD_RUNPATH_SEARCH_PATHS = (
					"$(inherited)",
					"@executable_path/Frameworks",
				);
				MARKETING_VERSION = 1.0;
				PRODUCT_BUNDLE_IDENTIFIER = "com.RTJ.Pocket-TMF-Reference-Model";
				PRODUCT_NAME = "$(TARGET_NAME)";
				SWIFT_EMIT_LOC_STRINGS = YES;
				SWIFT_VERSION = 5.0;
				TARGETED_DEVICE_FAMILY = "1,2";
			};
			name = Debug;
		};
		EAE31BC52DF37EB7005435C0 /* Release */ = {
			isa = XCBuildConfiguration;
			buildSettings = {
				ASSETCATALOG_COMPILER_ALTERNATE_APPICON_NAMES = "Very Orange Phlexible Ottawa Interacting Study Right on Time";
				ASSETCATALOG_COMPILER_APPICON_NAME = AppIcon;
				ASSETCATALOG_COMPILER_GLOBAL_ACCENT_COLOR_NAME = AccentColor;
				ASSETCATALOG_COMPILER_INCLUDE_ALL_APPICON_ASSETS = YES;
				CODE_SIGN_STYLE = Automatic;
				CURRENT_PROJECT_VERSION = 1;
				DEVELOPMENT_TEAM = G4XB8CNVVV;
				ENABLE_PREVIEWS = YES;
				GENERATE_INFOPLIST_FILE = YES;
				INFOPLIST_KEY_UIApplicationSceneManifest_Generation = YES;
				INFOPLIST_KEY_UIApplicationSupportsIndirectInputEvents = YES;
				INFOPLIST_KEY_UILaunchScreen_Generation = YES;
				INFOPLIST_KEY_UISupportedInterfaceOrientations_iPad = "UIInterfaceOrientationPortrait UIInterfaceOrientationPortraitUpsideDown UIInterfaceOrientationLandscapeLeft UIInterfaceOrientationLandscapeRight";
				INFOPLIST_KEY_UISupportedInterfaceOrientations_iPhone = "UIInterfaceOrientationPortrait UIInterfaceOrientationLandscapeLeft UIInterfaceOrientationLandscapeRight";
				LD_RUNPATH_SEARCH_PATHS = (
					"$(inherited)",
					"@executable_path/Frameworks",
				);
				MARKETING_VERSION = 1.0;
				PRODUCT_BUNDLE_IDENTIFIER = "com.RTJ.Pocket-TMF-Reference-Model";
				PRODUCT_NAME = "$(TARGET_NAME)";
				SWIFT_EMIT_LOC_STRINGS = YES;
				SWIFT_VERSION = 5.0;
				TARGETED_DEVICE_FAMILY = "1,2";
			};
			name = Release;
		};
		EAE31BC72DF37EB7005435C0 /* Debug */ = {
			isa = XCBuildConfiguration;
			buildSettings = {
				BUNDLE_LOADER = "$(TEST_HOST)";
				CODE_SIGN_STYLE = Automatic;
				CURRENT_PROJECT_VERSION = 1;
				DEVELOPMENT_TEAM = G4XB8CNVVV;
				GENERATE_INFOPLIST_FILE = YES;
				IPHONEOS_DEPLOYMENT_TARGET = 18.0;
				MARKETING_VERSION = 1.0;
				PRODUCT_BUNDLE_IDENTIFIER = "com.RTJ.Pocket-TMF-Reference-ModelTests";
				PRODUCT_NAME = "$(TARGET_NAME)";
				SWIFT_EMIT_LOC_STRINGS = NO;
				SWIFT_VERSION = 5.0;
				TARGETED_DEVICE_FAMILY = "1,2";
				TEST_HOST = "$(BUILT_PRODUCTS_DIR)/Pocket TMF Reference Model.app/$(BUNDLE_EXECUTABLE_FOLDER_PATH)/Pocket TMF Reference Model";
			};
			name = Debug;
		};
		EAE31BC82DF37EB7005435C0 /* Release */ = {
			isa = XCBuildConfiguration;
			buildSettings = {
				BUNDLE_LOADER = "$(TEST_HOST)";
				CODE_SIGN_STYLE = Automatic;
				CURRENT_PROJECT_VERSION = 1;
				DEVELOPMENT_TEAM = G4XB8CNVVV;
				GENERATE_INFOPLIST_FILE = YES;
				IPHONEOS_DEPLOYMENT_TARGET = 18.0;
				MARKETING_VERSION = 1.0;
				PRODUCT_BUNDLE_IDENTIFIER = "com.RTJ.Pocket-TMF-Reference-ModelTests";
				PRODUCT_NAME = "$(TARGET_NAME)";
				SWIFT_EMIT_LOC_STRINGS = NO;
				SWIFT_VERSION = 5.0;
				TARGETED_DEVICE_FAMILY = "1,2";
				TEST_HOST = "$(BUILT_PRODUCTS_DIR)/Pocket TMF Reference Model.app/$(BUNDLE_EXECUTABLE_FOLDER_PATH)/Pocket TMF Reference Model";
			};
			name = Release;
		};
		EAE31BCA2DF37EB7005435C0 /* Debug */ = {
			isa = XCBuildConfiguration;
			buildSettings = {
				CODE_SIGN_STYLE = Automatic;
				CURRENT_PROJECT_VERSION = 1;
				DEVELOPMENT_TEAM = G4XB8CNVVV;
				GENERATE_INFOPLIST_FILE = YES;
				MARKETING_VERSION = 1.0;
				PRODUCT_BUNDLE_IDENTIFIER = "com.RTJ.Pocket-TMF-Reference-ModelUITests";
				PRODUCT_NAME = "$(TARGET_NAME)";
				SWIFT_EMIT_LOC_STRINGS = NO;
				SWIFT_VERSION = 5.0;
				TARGETED_DEVICE_FAMILY = "1,2";
				TEST_TARGET_NAME = "Pocket TMF Reference Model";
			};
			name = Debug;
		};
		EAE31BCB2DF37EB7005435C0 /* Release */ = {
			isa = XCBuildConfiguration;
			buildSettings = {
				CODE_SIGN_STYLE = Automatic;
				CURRENT_PROJECT_VERSION = 1;
				DEVELOPMENT_TEAM = G4XB8CNVVV;
				GENERATE_INFOPLIST_FILE = YES;
				MARKETING_VERSION = 1.0;
				PRODUCT_BUNDLE_IDENTIFIER = "com.RTJ.Pocket-TMF-Reference-ModelUITests";
				PRODUCT_NAME = "$(TARGET_NAME)";
				SWIFT_EMIT_LOC_STRINGS = NO;
				SWIFT_VERSION = 5.0;
				TARGETED_DEVICE_FAMILY = "1,2";
				TEST_TARGET_NAME = "Pocket TMF Reference Model";
			};
			name = Release;
		};
/* End XCBuildConfiguration section */

/* Begin XCConfigurationList section */
		EAE31B9D2DF37EB6005435C0 /* Build configuration list for PBXProject "Pocket TMF Reference Model" */ = {
			isa = XCConfigurationList;
			buildConfigurations = (
				EAE31BC12DF37EB7005435C0 /* Debug */,
				EAE31BC22DF37EB7005435C0 /* Release */,
			);
			defaultConfigurationIsVisible = 0;
			defaultConfigurationName = Release;
		};
		EAE31BC32DF37EB7005435C0 /* Build configuration list for PBXNativeTarget "Pocket TMF Reference Model" */ = {
			isa = XCConfigurationList;
			buildConfigurations = (
				EAE31BC42DF37EB7005435C0 /* Debug */,
				EAE31BC52DF37EB7005435C0 /* Release */,
			);
			defaultConfigurationIsVisible = 0;
			defaultConfigurationName = Release;
		};
		EAE31BC62DF37EB7005435C0 /* Build configuration list for PBXNativeTarget "Pocket TMF Reference ModelTests" */ = {
			isa = XCConfigurationList;
			buildConfigurations = (
				EAE31BC72DF37EB7005435C0 /* Debug */,
				EAE31BC82DF37EB7005435C0 /* Release */,
			);
			defaultConfigurationIsVisible = 0;
			defaultConfigurationName = Release;
		};
		EAE31BC92DF37EB7005435C0 /* Build configuration list for PBXNativeTarget "Pocket TMF Reference ModelUITests" */ = {
			isa = XCConfigurationList;
			buildConfigurations = (
				EAE31BCA2DF37EB7005435C0 /* Debug */,
				EAE31BCB2DF37EB7005435C0 /* Release */,
			);
			defaultConfigurationIsVisible = 0;
			defaultConfigurationName = Release;
		};
/* End XCConfigurationList section */
	};
	rootObject = EAE31B9A2DF37EB6005435C0 /* Project object */;
}
